
Microsoft Visual Studio Solution File, Format Version 12.00
# Visual Studio 15
VisualStudioVersion = 15.0.27703.2035
MinimumVisualStudioVersion = 10.0.40219.1
Project("{FAE04EC0-301F-11D3-BF4B-00C04F79EFBC}") = "RunLover.Android", "RunLover\RunLover.Android\RunLover.Android.csproj", "{769E8CAF-5A4D-4C03-9514-CDCB6E91D447}"
EndProject
Project("{FAE04EC0-301F-11D3-BF4B-00C04F79EFBC}") = "RunLover.iOS", "RunLover\RunLover.iOS\RunLover.iOS.csproj", "{30EAA531-7AD7-4E31-BD6F-EAB97C9E1826}"
EndProject
Project("{FAE04EC0-301F-11D3-BF4B-00C04F79EFBC}") = "RunLover", "RunLover\RunLover\RunLover.csproj", "{C90EEE0A-7FEB-4ADF-BE0B-1790F1008F1C}"
EndProject
Global
	GlobalSection(SolutionConfigurationPlatforms) = preSolution
		Ad-Hoc|Any CPU = Ad-Hoc|Any CPU
		Ad-Hoc|iPhone = Ad-Hoc|iPhone
		Ad-Hoc|iPhoneSimulator = Ad-Hoc|iPhoneSimulator
		AppStore|Any CPU = AppStore|Any CPU
		AppStore|iPhone = AppStore|iPhone
		AppStore|iPhoneSimulator = AppStore|iPhoneSimulator
		Debug|Any CPU = Debug|Any CPU
		Debug|iPhone = Debug|iPhone
		Debug|iPhoneSimulator = Debug|iPhoneSimulator
		Release|Any CPU = Release|Any CPU
		Release|iPhone = Release|iPhone
		Release|iPhoneSimulator = Release|iPhoneSimulator
	EndGlobalSection
	GlobalSection(ProjectConfigurationPlatforms) = postSolution
		{769E8CAF-5A4D-4C03-9514-CDCB6E91D447}.Ad-Hoc|Any CPU.ActiveCfg = Release|Any CPU
		{769E8CAF-5A4D-4C03-9514-CDCB6E91D447}.Ad-Hoc|Any CPU.Build.0 = Release|Any CPU
		{769E8CAF-5A4D-4C03-9514-CDCB6E91D447}.Ad-Hoc|Any CPU.Deploy.0 = Release|Any CPU
		{769E8CAF-5A4D-4C03-9514-CDCB6E91D447}.Ad-Hoc|iPhone.ActiveCfg = Release|Any CPU
		{769E8CAF-5A4D-4C03-9514-CDCB6E91D447}.Ad-Hoc|iPhone.Build.0 = Release|Any CPU
		{769E8CAF-5A4D-4C03-9514-CDCB6E91D447}.Ad-Hoc|iPhone.Deploy.0 = Release|Any CPU
		{769E8CAF-5A4D-4C03-9514-CDCB6E91D447}.Ad-Hoc|iPhoneSimulator.ActiveCfg = Release|Any CPU
		{769E8CAF-5A4D-4C03-9514-CDCB6E91D447}.Ad-Hoc|iPhoneSimulator.Build.0 = Release|Any CPU
		{769E8CAF-5A4D-4C03-9514-CDCB6E91D447}.Ad-Hoc|iPhoneSimulator.Deploy.0 = Release|Any CPU
		{769E8CAF-5A4D-4C03-9514-CDCB6E91D447}.AppStore|Any CPU.ActiveCfg = Release|Any CPU
		{769E8CAF-5A4D-4C03-9514-CDCB6E91D447}.AppStore|Any CPU.Build.0 = Release|Any CPU
		{769E8CAF-5A4D-4C03-9514-CDCB6E91D447}.AppStore|Any CPU.Deploy.0 = Release|Any CPU
		{769E8CAF-5A4D-4C03-9514-CDCB6E91D447}.AppStore|iPhone.ActiveCfg = Release|Any CPU
		{769E8CAF-5A4D-4C03-9514-CDCB6E91D447}.AppStore|iPhone.Build.0 = Release|Any CPU
		{769E8CAF-5A4D-4C03-9514-CDCB6E91D447}.AppStore|iPhone.Deploy.0 = Release|Any CPU
		{769E8CAF-5A4D-4C03-9514-CDCB6E91D447}.AppStore|iPhoneSimulator.ActiveCfg = Release|Any CPU
		{769E8CAF-5A4D-4C03-9514-CDCB6E91D447}.AppStore|iPhoneSimulator.Build.0 = Release|Any CPU
		{769E8CAF-5A4D-4C03-9514-CDCB6E91D447}.AppStore|iPhoneSimulator.Deploy.0 = Release|Any CPU
		{769E8CAF-5A4D-4C03-9514-CDCB6E91D447}.Debug|Any CPU.ActiveCfg = Debug|Any CPU
		{769E8CAF-5A4D-4C03-9514-CDCB6E91D447}.Debug|Any CPU.Build.0 = Debug|Any CPU
		{769E8CAF-5A4D-4C03-9514-CDCB6E91D447}.Debug|Any CPU.Deploy.0 = Debug|Any CPU
		{769E8CAF-5A4D-4C03-9514-CDCB6E91D447}.Debug|iPhone.ActiveCfg = Debug|Any CPU
		{769E8CAF-5A4D-4C03-9514-CDCB6E91D447}.Debug|iPhone.Build.0 = Debug|Any CPU
		{769E8CAF-5A4D-4C03-9514-CDCB6E91D447}.Debug|iPhone.Deploy.0 = Debug|Any CPU
		{769E8CAF-5A4D-4C03-9514-CDCB6E91D447}.Debug|iPhoneSimulator.ActiveCfg = Debug|Any CPU
		{769E8CAF-5A4D-4C03-9514-CDCB6E91D447}.Debug|iPhoneSimulator.Build.0 = Debug|Any CPU
		{769E8CAF-5A4D-4C03-9514-CDCB6E91D447}.Debug|iPhoneSimulator.Deploy.0 = Debug|Any CPU
		{769E8CAF-5A4D-4C03-9514-CDCB6E91D447}.Release|Any CPU.ActiveCfg = Release|Any CPU
		{769E8CAF-5A4D-4C03-9514-CDCB6E91D447}.Release|Any CPU.Build.0 = Release|Any CPU
		{769E8CAF-5A4D-4C03-9514-CDCB6E91D447}.Release|Any CPU.Deploy.0 = Release|Any CPU
		{769E8CAF-5A4D-4C03-9514-CDCB6E91D447}.Release|iPhone.ActiveCfg = Release|Any CPU
		{769E8CAF-5A4D-4C03-9514-CDCB6E91D447}.Release|iPhone.Build.0 = Release|Any CPU
		{769E8CAF-5A4D-4C03-9514-CDCB6E91D447}.Release|iPhone.Deploy.0 = Release|Any CPU
		{769E8CAF-5A4D-4C03-9514-CDCB6E91D447}.Release|iPhoneSimulator.ActiveCfg = Release|Any CPU
		{769E8CAF-5A4D-4C03-9514-CDCB6E91D447}.Release|iPhoneSimulator.Build.0 = Release|Any CPU
		{769E8CAF-5A4D-4C03-9514-CDCB6E91D447}.Release|iPhoneSimulator.Deploy.0 = Release|Any CPU
		{30EAA531-7AD7-4E31-BD6F-EAB97C9E1826}.Ad-Hoc|Any CPU.ActiveCfg = Ad-Hoc|iPhone
		{30EAA531-7AD7-4E31-BD6F-EAB97C9E1826}.Ad-Hoc|Any CPU.Build.0 = Ad-Hoc|iPhone
		{30EAA531-7AD7-4E31-BD6F-EAB97C9E1826}.Ad-Hoc|Any CPU.Deploy.0 = Ad-Hoc|iPhone
		{30EAA531-7AD7-4E31-BD6F-EAB97C9E1826}.Ad-Hoc|iPhone.ActiveCfg = Ad-Hoc|iPhone
		{30EAA531-7AD7-4E31-BD6F-EAB97C9E1826}.Ad-Hoc|iPhone.Build.0 = Ad-Hoc|iPhone
		{30EAA531-7AD7-4E31-BD6F-EAB97C9E1826}.Ad-Hoc|iPhone.Deploy.0 = Ad-Hoc|iPhone
		{30EAA531-7AD7-4E31-BD6F-EAB97C9E1826}.Ad-Hoc|iPhoneSimulator.ActiveCfg = Ad-Hoc|iPhoneSimulator
		{30EAA531-7AD7-4E31-BD6F-EAB97C9E1826}.Ad-Hoc|iPhoneSimulator.Build.0 = Ad-Hoc|iPhoneSimulator
		{30EAA531-7AD7-4E31-BD6F-EAB97C9E1826}.Ad-Hoc|iPhoneSimulator.Deploy.0 = Ad-Hoc|iPhoneSimulator
		{30EAA531-7AD7-4E31-BD6F-EAB97C9E1826}.AppStore|Any CPU.ActiveCfg = AppStore|iPhone
		{30EAA531-7AD7-4E31-BD6F-EAB97C9E1826}.AppStore|Any CPU.Build.0 = AppStore|iPhone
		{30EAA531-7AD7-4E31-BD6F-EAB97C9E1826}.AppStore|Any CPU.Deploy.0 = AppStore|iPhone
		{30EAA531-7AD7-4E31-BD6F-EAB97C9E1826}.AppStore|iPhone.ActiveCfg = AppStore|iPhone
		{30EAA531-7AD7-4E31-BD6F-EAB97C9E1826}.AppStore|iPhone.Build.0 = AppStore|iPhone
		{30EAA531-7AD7-4E31-BD6F-EAB97C9E1826}.AppStore|iPhone.Deploy.0 = AppStore|iPhone
		{30EAA531-7AD7-4E31-BD6F-EAB97C9E1826}.AppStore|iPhoneSimulator.ActiveCfg = AppStore|iPhoneSimulator
		{30EAA531-7AD7-4E31-BD6F-EAB97C9E1826}.AppStore|iPhoneSimulator.Build.0 = AppStore|iPhoneSimulator
		{30EAA531-7AD7-4E31-BD6F-EAB97C9E1826}.AppStore|iPhoneSimulator.Deploy.0 = AppStore|iPhoneSimulator
		{30EAA531-7AD7-4E31-BD6F-EAB97C9E1826}.Debug|Any CPU.ActiveCfg = Debug|iPhoneSimulator
		{30EAA531-7AD7-4E31-BD6F-EAB97C9E1826}.Debug|Any CPU.Build.0 = Debug|iPhoneSimulator
		{30EAA531-7AD7-4E31-BD6F-EAB97C9E1826}.Debug|Any CPU.Deploy.0 = Debug|iPhoneSimulator
		{30EAA531-7AD7-4E31-BD6F-EAB97C9E1826}.Debug|iPhone.ActiveCfg = Debug|iPhone
		{30EAA531-7AD7-4E31-BD6F-EAB97C9E1826}.Debug|iPhone.Build.0 = Debug|iPhone
		{30EAA531-7AD7-4E31-BD6F-EAB97C9E1826}.Debug|iPhone.Deploy.0 = Debug|iPhone
		{30EAA531-7AD7-4E31-BD6F-EAB97C9E1826}.Debug|iPhoneSimulator.ActiveCfg = Debug|iPhoneSimulator
		{30EAA531-7AD7-4E31-BD6F-EAB97C9E1826}.Debug|iPhoneSimulator.Build.0 = Debug|iPhoneSimulator
		{30EAA531-7AD7-4E31-BD6F-EAB97C9E1826}.Debug|iPhoneSimulator.Deploy.0 = Debug|iPhoneSimulator
		{30EAA531-7AD7-4E31-BD6F-EAB97C9E1826}.Release|Any CPU.ActiveCfg = Release|iPhone
		{30EAA531-7AD7-4E31-BD6F-EAB97C9E1826}.Release|Any CPU.Build.0 = Release|iPhone
		{30EAA531-7AD7-4E31-BD6F-EAB97C9E1826}.Release|Any CPU.Deploy.0 = Release|iPhone
		{30EAA531-7AD7-4E31-BD6F-EAB97C9E1826}.Release|iPhone.ActiveCfg = Release|iPhone
		{30EAA531-7AD7-4E31-BD6F-EAB97C9E1826}.Release|iPhone.Build.0 = Release|iPhone
		{30EAA531-7AD7-4E31-BD6F-EAB97C9E1826}.Release|iPhone.Deploy.0 = Release|iPhone
		{30EAA531-7AD7-4E31-BD6F-EAB97C9E1826}.Release|iPhoneSimulator.ActiveCfg = Release|iPhoneSimulator
		{30EAA531-7AD7-4E31-BD6F-EAB97C9E1826}.Release|iPhoneSimulator.Build.0 = Release|iPhoneSimulator
		{30EAA531-7AD7-4E31-BD6F-EAB97C9E1826}.Release|iPhoneSimulator.Deploy.0 = Release|iPhoneSimulator
		{C90EEE0A-7FEB-4ADF-BE0B-1790F1008F1C}.Ad-Hoc|Any CPU.ActiveCfg = Debug|Any CPU
		{C90EEE0A-7FEB-4ADF-BE0B-1790F1008F1C}.Ad-Hoc|Any CPU.Build.0 = Debug|Any CPU
		{C90EEE0A-7FEB-4ADF-BE0B-1790F1008F1C}.Ad-Hoc|Any CPU.Deploy.0 = Debug|Any CPU
		{C90EEE0A-7FEB-4ADF-BE0B-1790F1008F1C}.Ad-Hoc|iPhone.ActiveCfg = Debug|Any CPU
		{C90EEE0A-7FEB-4ADF-BE0B-1790F1008F1C}.Ad-Hoc|iPhone.Build.0 = Debug|Any CPU
		{C90EEE0A-7FEB-4ADF-BE0B-1790F1008F1C}.Ad-Hoc|iPhone.Deploy.0 = Debug|Any CPU
		{C90EEE0A-7FEB-4ADF-BE0B-1790F1008F1C}.Ad-Hoc|iPhoneSimulator.ActiveCfg = Debug|Any CPU
		{C90EEE0A-7FEB-4ADF-BE0B-1790F1008F1C}.Ad-Hoc|iPhoneSimulator.Build.0 = Debug|Any CPU
		{C90EEE0A-7FEB-4ADF-BE0B-1790F1008F1C}.Ad-Hoc|iPhoneSimulator.Deploy.0 = Debug|Any CPU
		{C90EEE0A-7FEB-4ADF-BE0B-1790F1008F1C}.AppStore|Any CPU.ActiveCfg = Debug|Any CPU
		{C90EEE0A-7FEB-4ADF-BE0B-1790F1008F1C}.AppStore|Any CPU.Build.0 = Debug|Any CPU
		{C90EEE0A-7FEB-4ADF-BE0B-1790F1008F1C}.AppStore|Any CPU.Deploy.0 = Debug|Any CPU
		{C90EEE0A-7FEB-4ADF-BE0B-1790F1008F1C}.AppStore|iPhone.ActiveCfg = Debug|Any CPU
		{C90EEE0A-7FEB-4ADF-BE0B-1790F1008F1C}.AppStore|iPhone.Build.0 = Debug|Any CPU
		{C90EEE0A-7FEB-4ADF-BE0B-1790F1008F1C}.AppStore|iPhone.Deploy.0 = Debug|Any CPU
		{C90EEE0A-7FEB-4ADF-BE0B-1790F1008F1C}.AppStore|iPhoneSimulator.ActiveCfg = Debug|Any CPU
		{C90EEE0A-7FEB-4ADF-BE0B-1790F1008F1C}.AppStore|iPhoneSimulator.Build.0 = Debug|Any CPU
		{C90EEE0A-7FEB-4ADF-BE0B-1790F1008F1C}.AppStore|iPhoneSimulator.Deploy.0 = Debug|Any CPU
		{C90EEE0A-7FEB-4ADF-BE0B-1790F1008F1C}.Debug|Any CPU.ActiveCfg = Debug|Any CPU
		{C90EEE0A-7FEB-4ADF-BE0B-1790F1008F1C}.Debug|Any CPU.Build.0 = Debug|Any CPU
		{C90EEE0A-7FEB-4ADF-BE0B-1790F1008F1C}.Debug|Any CPU.Deploy.0 = Debug|Any CPU
		{C90EEE0A-7FEB-4ADF-BE0B-1790F1008F1C}.Debug|iPhone.ActiveCfg = Debug|Any CPU
		{C90EEE0A-7FEB-4ADF-BE0B-1790F1008F1C}.Debug|iPhone.Build.0 = Debug|Any CPU
		{C90EEE0A-7FEB-4ADF-BE0B-1790F1008F1C}.Debug|iPhone.Deploy.0 = Debug|Any CPU
		{C90EEE0A-7FEB-4ADF-BE0B-1790F1008F1C}.Debug|iPhoneSimulator.ActiveCfg = Debug|Any CPU
		{C90EEE0A-7FEB-4ADF-BE0B-1790F1008F1C}.Debug|iPhoneSimulator.Build.0 = Debug|Any CPU
		{C90EEE0A-7FEB-4ADF-BE0B-1790F1008F1C}.Debug|iPhoneSimulator.Deploy.0 = Debug|Any CPU
		{C90EEE0A-7FEB-4ADF-BE0B-1790F1008F1C}.Release|Any CPU.ActiveCfg = Release|Any CPU
		{C90EEE0A-7FEB-4ADF-BE0B-1790F1008F1C}.Release|Any CPU.Build.0 = Release|Any CPU
		{C90EEE0A-7FEB-4ADF-BE0B-1790F1008F1C}.Release|Any CPU.Deploy.0 = Release|Any CPU
		{C90EEE0A-7FEB-4ADF-BE0B-1790F1008F1C}.Release|iPhone.ActiveCfg = Release|Any CPU
		{C90EEE0A-7FEB-4ADF-BE0B-1790F1008F1C}.Release|iPhone.Build.0 = Release|Any CPU
		{C90EEE0A-7FEB-4ADF-BE0B-1790F1008F1C}.Release|iPhone.Deploy.0 = Release|Any CPU
		{C90EEE0A-7FEB-4ADF-BE0B-1790F1008F1C}.Release|iPhoneSimulator.ActiveCfg = Release|Any CPU
		{C90EEE0A-7FEB-4ADF-BE0B-1790F1008F1C}.Release|iPhoneSimulator.Build.0 = Release|Any CPU
		{C90EEE0A-7FEB-4ADF-BE0B-1790F1008F1C}.Release|iPhoneSimulator.Deploy.0 = Release|Any CPU
	EndGlobalSection
	GlobalSection(SolutionProperties) = preSolution
		HideSolutionNode = FALSE
	EndGlobalSection
	GlobalSection(ExtensibilityGlobals) = postSolution
		SolutionGuid = {F33FEA65-CED6-4E1E-836D-0405EBEA134F}
	EndGlobalSection
EndGlobal
